
Microsoft Visual Studio Solution File, Format Version 12.00
# Visual Studio Version 16
VisualStudioVersion = 16.0.31911.196
MinimumVisualStudioVersion = 10.0.40219.1
Project("{FAE04EC0-301F-11D3-BF4B-00C04F79EFBC}") = "foodmanager", "foodmanager\foodmanager.csproj", "{3DC81A19-2504-4E03-B17E-E89E490F5EE4}"
EndProject
Global
	GlobalSection(SolutionConfigurationPlatforms) = preSolution
		Debug|Any CPU = Debug|Any CPU
		Release|Any CPU = Release|Any CPU
	EndGlobalSection
	GlobalSection(ProjectConfigurationPlatforms) = postSolution
		{3DC81A19-2504-4E03-B17E-E89E490F5EE4}.Debug|Any CPU.ActiveCfg = Debug|Any CPU
		{3DC81A19-2504-4E03-B17E-E89E490F5EE4}.Debug|Any CPU.Build.0 = Debug|Any CPU
		{3DC81A19-2504-4E03-B17E-E89E490F5EE4}.Release|Any CPU.ActiveCfg = Release|Any CPU
		{3DC81A19-2504-4E03-B17E-E89E490F5EE4}.Release|Any CPU.Build.0 = Release|Any CPU
	EndGlobalSection
	GlobalSection(SolutionProperties) = preSolution
		HideSolutionNode = FALSE
	EndGlobalSection
	GlobalSection(ExtensibilityGlobals) = postSolution
		SolutionGuid = {7B41F9D6-B310-442D-83FF-2E07F884FA25}
	EndGlobalSection
EndGlobal
